{
    "name": "@abfluss/util",
    "version": "0.2.6",
    "lockfileVersion": 2,
    "requires": true,
    "packages": {
        "": {
            "name": "@abfluss/util",
            "version": "0.2.6",
            "license": "Apache-2.0",
            "dependencies": {
                "@abfluss/api-types": "^0.2.6"
            },
            "engines": {
                "node": ">=10.0.0"
            }
        },
        "node_modules/@abfluss/api-types": {
            "version": "0.2.6",
            "resolved": "https://registry.npmjs.org/@abfluss/api-types/-/api-types-0.2.6.tgz",
            "integrity": "sha512-2gT4PLmotscg71Ae2m1NfqHsw2L8eIxU3EdVJKrVhagvoIIHyDbVUJkZ9iv/eIEygHCTSBe6c2Nvm4gDemawUg==",
            "dependencies": {
                "jsonschema": "~1.4.0"
            },
            "engines": {
                "node": ">=10.0.0"
            }
        },
        "node_modules/jsonschema": {
            "version": "1.4.0",
            "resolved": "https://registry.npmjs.org/jsonschema/-/jsonschema-1.4.0.tgz",
            "integrity": "sha512-/YgW6pRMr6M7C+4o8kS+B/2myEpHCrxO4PEWnqJNBFMjn7EWXqlQ4tGwL6xTHeRplwuZmcAncdvfOad1nT2yMw==",
            "engines": {
                "node": "*"
            }
        }
    },
    "dependencies": {
        "@abfluss/api-types": {
            "version": "0.2.6",
            "resolved": "https://registry.npmjs.org/@abfluss/api-types/-/api-types-0.2.6.tgz",
            "integrity": "sha512-2gT4PLmotscg71Ae2m1NfqHsw2L8eIxU3EdVJKrVhagvoIIHyDbVUJkZ9iv/eIEygHCTSBe6c2Nvm4gDemawUg==",
            "requires": {
                "jsonschema": "~1.4.0"
            }
        },
        "jsonschema": {
            "version": "1.4.0",
            "resolved": "https://registry.npmjs.org/jsonschema/-/jsonschema-1.4.0.tgz",
            "integrity": "sha512-/YgW6pRMr6M7C+4o8kS+B/2myEpHCrxO4PEWnqJNBFMjn7EWXqlQ4tGwL6xTHeRplwuZmcAncdvfOad1nT2yMw=="
        }
    }
}
